// !$*UTF8*$!
{
	archiveVersion = 1;
	classes = {
	};
	objectVersion = 55;
	objects = {

/* Begin PBXBuildFile section */
		B8AABA93E6E26038E0C7059A /* Pods_BeatlesApp_json.framework in Frameworks */ = {isa = PBXBuildFile; fileRef = 8512B886551FEC42D8EE588E /* Pods_BeatlesApp_json.framework */; };
		CE7463E027CB69AE000634C8 /* AppDelegate.swift in Sources */ = {isa = PBXBuildFile; fileRef = CE7463DF27CB69AE000634C8 /* AppDelegate.swift */; };
		CE7463E227CB69AE000634C8 /* SceneDelegate.swift in Sources */ = {isa = PBXBuildFile; fileRef = CE7463E127CB69AE000634C8 /* SceneDelegate.swift */; };
		CE7463E427CB69AE000634C8 /* TrackViewController.swift in Sources */ = {isa = PBXBuildFile; fileRef = CE7463E327CB69AE000634C8 /* TrackViewController.swift */; };
		CE7463E727CB69AE000634C8 /* Main.storyboard in Resources */ = {isa = PBXBuildFile; fileRef = CE7463E527CB69AE000634C8 /* Main.storyboard */; };
		CE7463E927CB69B2000634C8 /* Assets.xcassets in Resources */ = {isa = PBXBuildFile; fileRef = CE7463E827CB69B2000634C8 /* Assets.xcassets */; };
		CE7463EC27CB69B2000634C8 /* LaunchScreen.storyboard in Resources */ = {isa = PBXBuildFile; fileRef = CE7463EA27CB69B2000634C8 /* LaunchScreen.storyboard */; };
		CE7463F527CB70DC000634C8 /* Track.swift in Sources */ = {isa = PBXBuildFile; fileRef = CE7463F427CB70DC000634C8 /* Track.swift */; };
		CE7463FC27CBB08F000634C8 /* NetworkManager.swift in Sources */ = {isa = PBXBuildFile; fileRef = CE7463FB27CBB08F000634C8 /* NetworkManager.swift */; };
		CE74640527CD5723000634C8 /* TableViewCell.swift in Sources */ = {isa = PBXBuildFile; fileRef = CE74640427CD5723000634C8 /* TableViewCell.swift */; };
/* End PBXBuildFile section */

/* Begin PBXFileReference section */
		4DB891F1E35F8F56A0165C86 /* Pods-BeatlesApp_json.release.xcconfig */ = {isa = PBXFileReference; includeInIndex = 1; lastKnownFileType = text.xcconfig; name = "Pods-BeatlesApp_json.release.xcconfig"; path = "Target Support Files/Pods-BeatlesApp_json/Pods-BeatlesApp_json.release.xcconfig"; sourceTree = "<group>"; };
		8512B886551FEC42D8EE588E /* Pods_BeatlesApp_json.framework */ = {isa = PBXFileReference; explicitFileType = wrapper.framework; includeInIndex = 0; path = Pods_BeatlesApp_json.framework; sourceTree = BUILT_PRODUCTS_DIR; };
		B77F769748863803107CFF9A /* Pods-BeatlesApp_json.debug.xcconfig */ = {isa = PBXFileReference; includeInIndex = 1; lastKnownFileType = text.xcconfig; name = "Pods-BeatlesApp_json.debug.xcconfig"; path = "Target Support Files/Pods-BeatlesApp_json/Pods-BeatlesApp_json.debug.xcconfig"; sourceTree = "<group>"; };
		CE7463DC27CB69AE000634C8 /* BeatlesApp_json.app */ = {isa = PBXFileReference; explicitFileType = wrapper.application; includeInIndex = 0; path = BeatlesApp_json.app; sourceTree = BUILT_PRODUCTS_DIR; };
		CE7463DF27CB69AE000634C8 /* AppDelegate.swift */ = {isa = PBXFileReference; lastKnownFileType = sourcecode.swift; path = AppDelegate.swift; sourceTree = "<group>"; };
		CE7463E127CB69AE000634C8 /* SceneDelegate.swift */ = {isa = PBXFileReference; lastKnownFileType = sourcecode.swift; path = SceneDelegate.swift; sourceTree = "<group>"; };
		CE7463E327CB69AE000634C8 /* TrackViewController.swift */ = {isa = PBXFileReference; lastKnownFileType = sourcecode.swift; path = TrackViewController.swift; sourceTree = "<group>"; };
		CE7463E627CB69AE000634C8 /* Base */ = {isa = PBXFileReference; lastKnownFileType = file.storyboard; name = Base; path = Base.lproj/Main.storyboard; sourceTree = "<group>"; };
		CE7463E827CB69B2000634C8 /* Assets.xcassets */ = {isa = PBXFileReference; lastKnownFileType = folder.assetcatalog; path = Assets.xcassets; sourceTree = "<group>"; };
		CE7463EB27CB69B2000634C8 /* Base */ = {isa = PBXFileReference; lastKnownFileType = file.storyboard; name = Base; path = Base.lproj/LaunchScreen.storyboard; sourceTree = "<group>"; };
		CE7463ED27CB69B2000634C8 /* Info.plist */ = {isa = PBXFileReference; lastKnownFileType = text.plist.xml; path = Info.plist; sourceTree = "<group>"; };
		CE7463F427CB70DC000634C8 /* Track.swift */ = {isa = PBXFileReference; lastKnownFileType = sourcecode.swift; path = Track.swift; sourceTree = "<group>"; };
		CE7463FB27CBB08F000634C8 /* NetworkManager.swift */ = {isa = PBXFileReference; lastKnownFileType = sourcecode.swift; path = NetworkManager.swift; sourceTree = "<group>"; };
		CE74640427CD5723000634C8 /* TableViewCell.swift */ = {isa = PBXFileReference; lastKnownFileType = sourcecode.swift; path = TableViewCell.swift; sourceTree = "<group>"; };
/* End PBXFileReference section */

/* Begin PBXFrameworksBuildPhase section */
		CE7463D927CB69AE000634C8 /* Frameworks */ = {
			isa = PBXFrameworksBuildPhase;
			buildActionMask = 2147483647;
			files = (
				B8AABA93E6E26038E0C7059A /* Pods_BeatlesApp_json.framework in Frameworks */,
			);
			runOnlyForDeploymentPostprocessing = 0;
		};
/* End PBXFrameworksBuildPhase section */

/* Begin PBXGroup section */
		2051D71C63ABC2C91CF31654 /* Pods */ = {
			isa = PBXGroup;
			children = (
				B77F769748863803107CFF9A /* Pods-BeatlesApp_json.debug.xcconfig */,
				4DB891F1E35F8F56A0165C86 /* Pods-BeatlesApp_json.release.xcconfig */,
			);
			name = Pods;
			path = Pods;
			sourceTree = "<group>";
		};
		3792CC7E42D64883E6A5F0A7 /* Frameworks */ = {
			isa = PBXGroup;
			children = (
				8512B886551FEC42D8EE588E /* Pods_BeatlesApp_json.framework */,
			);
			name = Frameworks;
			sourceTree = "<group>";
		};
		CE7463D327CB69AE000634C8 = {
			isa = PBXGroup;
			children = (
				CE7463DE27CB69AE000634C8 /* BeatlesApp_json */,
				CE7463DD27CB69AE000634C8 /* Products */,
				2051D71C63ABC2C91CF31654 /* Pods */,
				3792CC7E42D64883E6A5F0A7 /* Frameworks */,
			);
			sourceTree = "<group>";
		};
		CE7463DD27CB69AE000634C8 /* Products */ = {
			isa = PBXGroup;
			children = (
				CE7463DC27CB69AE000634C8 /* BeatlesApp_json.app */,
			);
			name = Products;
			sourceTree = "<group>";
		};
		CE7463DE27CB69AE000634C8 /* BeatlesApp_json */ = {
			isa = PBXGroup;
			children = (
				CE7463F827CBAFD3000634C8 /* Storyboards */,
				CE7463F327CB7094000634C8 /* Models */,
				CE7463F627CBAF85000634C8 /* ViewControllers */,
				CE7463FA27CBB057000634C8 /* Networking */,
				CE7463F727CBAFBA000634C8 /* App */,
				CE7463F927CBB013000634C8 /* Resources */,
				CE7463ED27CB69B2000634C8 /* Info.plist */,
			);
			path = BeatlesApp_json;
			sourceTree = "<group>";
		};
		CE7463F327CB7094000634C8 /* Models */ = {
			isa = PBXGroup;
			children = (
				CE7463F427CB70DC000634C8 /* Track.swift */,
			);
			name = Models;
			sourceTree = "<group>";
		};
		CE7463F627CBAF85000634C8 /* ViewControllers */ = {
			isa = PBXGroup;
			children = (
				CE7463E327CB69AE000634C8 /* TrackViewController.swift */,
			);
			name = ViewControllers;
			sourceTree = "<group>";
		};
		CE7463F727CBAFBA000634C8 /* App */ = {
			isa = PBXGroup;
			children = (
				CE7463DF27CB69AE000634C8 /* AppDelegate.swift */,
				CE7463E127CB69AE000634C8 /* SceneDelegate.swift */,
			);
			path = App;
			sourceTree = "<group>";
		};
		CE7463F827CBAFD3000634C8 /* Storyboards */ = {
			isa = PBXGroup;
			children = (
				CE7463E527CB69AE000634C8 /* Main.storyboard */,
				CE7463EA27CB69B2000634C8 /* LaunchScreen.storyboard */,
				CE74640327CC078F000634C8 /* View */,
			);
			name = Storyboards;
			sourceTree = "<group>";
		};
		CE7463F927CBB013000634C8 /* Resources */ = {
			isa = PBXGroup;
			children = (
				CE7463E827CB69B2000634C8 /* Assets.xcassets */,
			);
			name = Resources;
			sourceTree = "<group>";
		};
		CE7463FA27CBB057000634C8 /* Networking */ = {
			isa = PBXGroup;
			children = (
				CE7463FB27CBB08F000634C8 /* NetworkManager.swift */,
			);
			name = Networking;
			sourceTree = "<group>";
		};
		CE74640327CC078F000634C8 /* View */ = {
			isa = PBXGroup;
			children = (
				CE74640427CD5723000634C8 /* TableViewCell.swift */,
			);
			name = View;
			sourceTree = "<group>";
		};
/* End PBXGroup section */

/* Begin PBXNativeTarget section */
		CE7463DB27CB69AE000634C8 /* BeatlesApp_json */ = {
			isa = PBXNativeTarget;
			buildConfigurationList = CE7463F027CB69B2000634C8 /* Build configuration list for PBXNativeTarget "BeatlesApp_json" */;
			buildPhases = (
				5674DAAE03BFC15E766D6E00 /* [CP] Check Pods Manifest.lock */,
				CE7463D827CB69AE000634C8 /* Sources */,
				CE7463D927CB69AE000634C8 /* Frameworks */,
				CE7463DA27CB69AE000634C8 /* Resources */,
				AF6AD359F2827B513515D53E /* [CP] Embed Pods Frameworks */,
			);
			buildRules = (
			);
			dependencies = (
			);
			name = BeatlesApp_json;
			productName = BeatlesApp_json;
			productReference = CE7463DC27CB69AE000634C8 /* BeatlesApp_json.app */;
			productType = "com.apple.product-type.application";
		};
/* End PBXNativeTarget section */

/* Begin PBXProject section */
		CE7463D427CB69AE000634C8 /* Project object */ = {
			isa = PBXProject;
			attributes = {
				BuildIndependentTargetsInParallel = 1;
				LastSwiftUpdateCheck = 1310;
				LastUpgradeCheck = 1310;
				TargetAttributes = {
					CE7463DB27CB69AE000634C8 = {
						CreatedOnToolsVersion = 13.1;
					};
				};
			};
			buildConfigurationList = CE7463D727CB69AE000634C8 /* Build configuration list for PBXProject "BeatlesApp_json" */;
			compatibilityVersion = "Xcode 13.0";
			developmentRegion = en;
			hasScannedForEncodings = 0;
			knownRegions = (
				en,
				Base,
			);
			mainGroup = CE7463D327CB69AE000634C8;
			productRefGroup = CE7463DD27CB69AE000634C8 /* Products */;
			projectDirPath = "";
			projectRoot = "";
			targets = (
				CE7463DB27CB69AE000634C8 /* BeatlesApp_json */,
			);
		};
/* End PBXProject section */

/* Begin PBXResourcesBuildPhase section */
		CE7463DA27CB69AE000634C8 /* Resources */ = {
			isa = PBXResourcesBuildPhase;
			buildActionMask = 2147483647;
			files = (
				CE7463EC27CB69B2000634C8 /* LaunchScreen.storyboard in Resources */,
				CE7463E927CB69B2000634C8 /* Assets.xcassets in Resources */,
				CE7463E727CB69AE000634C8 /* Main.storyboard in Resources */,
			);
			runOnlyForDeploymentPostprocessing = 0;
		};
/* End PBXResourcesBuildPhase section */

/* Begin PBXShellScriptBuildPhase section */
		5674DAAE03BFC15E766D6E00 /* [CP] Check Pods Manifest.lock */ = {
			isa = PBXShellScriptBuildPhase;
			buildActionMask = 2147483647;
			files = (
			);
			inputFileListPaths = (
			);
			inputPaths = (
				"${PODS_PODFILE_DIR_PATH}/Podfile.lock",
				"${PODS_ROOT}/Manifest.lock",
			);
			name = "[CP] Check Pods Manifest.lock";
			outputFileListPaths = (
			);
			outputPaths = (
				"$(DERIVED_FILE_DIR)/Pods-BeatlesApp_json-checkManifestLockResult.txt",
			);
			runOnlyForDeploymentPostprocessing = 0;
			shellPath = /bin/sh;
			shellScript = "diff \"${PODS_PODFILE_DIR_PATH}/Podfile.lock\" \"${PODS_ROOT}/Manifest.lock\" > /dev/null\nif [ $? != 0 ] ; then\n    # print error to STDERR\n    echo \"error: The sandbox is not in sync with the Podfile.lock. Run 'pod install' or update your CocoaPods installation.\" >&2\n    exit 1\nfi\n# This output is used by Xcode 'outputs' to avoid re-running this script phase.\necho \"SUCCESS\" > \"${SCRIPT_OUTPUT_FILE_0}\"\n";
			showEnvVarsInLog = 0;
		};
		AF6AD359F2827B513515D53E /* [CP] Embed Pods Frameworks */ = {
			isa = PBXShellScriptBuildPhase;
			buildActionMask = 2147483647;
			files = (
			);
			inputFileListPaths = (
				"${PODS_ROOT}/Target Support Files/Pods-BeatlesApp_json/Pods-BeatlesApp_json-frameworks-${CONFIGURATION}-input-files.xcfilelist",
			);
			name = "[CP] Embed Pods Frameworks";
			outputFileListPaths = (
				"${PODS_ROOT}/Target Support Files/Pods-BeatlesApp_json/Pods-BeatlesApp_json-frameworks-${CONFIGURATION}-output-files.xcfilelist",
			);
			runOnlyForDeploymentPostprocessing = 0;
			shellPath = /bin/sh;
			shellScript = "\"${PODS_ROOT}/Target Support Files/Pods-BeatlesApp_json/Pods-BeatlesApp_json-frameworks.sh\"\n";
			showEnvVarsInLog = 0;
		};
/* End PBXShellScriptBuildPhase section */

/* Begin PBXSourcesBuildPhase section */
		CE7463D827CB69AE000634C8 /* Sources */ = {
			isa = PBXSourcesBuildPhase;
			buildActionMask = 2147483647;
			files = (
				CE7463F527CB70DC000634C8 /* Track.swift in Sources */,
				CE7463E427CB69AE000634C8 /* TrackViewController.swift in Sources */,
				CE7463FC27CBB08F000634C8 /* NetworkManager.swift in Sources */,
				CE7463E027CB69AE000634C8 /* AppDelegate.swift in Sources */,
				CE74640527CD5723000634C8 /* TableViewCell.swift in Sources */,
				CE7463E227CB69AE000634C8 /* SceneDelegate.swift in Sources */,
			);
			runOnlyForDeploymentPostprocessing = 0;
		};
/* End PBXSourcesBuildPhase section */

/* Begin PBXVariantGroup section */
		CE7463E527CB69AE000634C8 /* Main.storyboard */ = {
			isa = PBXVariantGroup;
			children = (
				CE7463E627CB69AE000634C8 /* Base */,
			);
			name = Main.storyboard;
			sourceTree = "<group>";
		};
		CE7463EA27CB69B2000634C8 /* LaunchScreen.storyboard */ = {
			isa = PBXVariantGroup;
			children = (
				CE7463EB27CB69B2000634C8 /* Base */,
			);
			name = LaunchScreen.storyboard;
			sourceTree = "<group>";
		};
/* End PBXVariantGroup section */

/* Begin XCBuildConfiguration section */
		CE7463EE27CB69B2000634C8 /* Debug */ = {
			isa = XCBuildConfiguration;
			buildSettings = {
				ALWAYS_SEARCH_USER_PATHS = NO;
				CLANG_ANALYZER_NONNULL = YES;
				CLANG_ANALYZER_NUMBER_OBJECT_CONVERSION = YES_AGGRESSIVE;
				CLANG_CXX_LANGUAGE_STANDARD = "gnu++17";
				CLANG_CXX_LIBRARY = "libc++";
				CLANG_ENABLE_MODULES = YES;
				CLANG_ENABLE_OBJC_ARC = YES;
				CLANG_ENABLE_OBJC_WEAK = YES;
				CLANG_WARN_BLOCK_CAPTURE_AUTORELEASING = YES;
				CLANG_WARN_BOOL_CONVERSION = YES;
				CLANG_WARN_COMMA = YES;
				CLANG_WARN_CONSTANT_CONVERSION = YES;
				CLANG_WARN_DEPRECATED_OBJC_IMPLEMENTATIONS = YES;
				CLANG_WARN_DIRECT_OBJC_ISA_USAGE = YES_ERROR;
				CLANG_WARN_DOCUMENTATION_COMMENTS = YES;
				CLANG_WARN_EMPTY_BODY = YES;
				CLANG_WARN_ENUM_CONVERSION = YES;
				CLANG_WARN_INFINITE_RECURSION = YES;
				CLANG_WARN_INT_CONVERSION = YES;
				CLANG_WARN_NON_LITERAL_NULL_CONVERSION = YES;
				CLANG_WARN_OBJC_IMPLICIT_RETAIN_SELF = YES;
				CLANG_WARN_OBJC_LITERAL_CONVERSION = YES;
				CLANG_WARN_OBJC_ROOT_CLASS = YES_ERROR;
				CLANG_WARN_QUOTED_INCLUDE_IN_FRAMEWORK_HEADER = YES;
				CLANG_WARN_RANGE_LOOP_ANALYSIS = YES;
				CLANG_WARN_STRICT_PROTOTYPES = YES;
				CLANG_WARN_SUSPICIOUS_MOVE = YES;
				CLANG_WARN_UNGUARDED_AVAILABILITY = YES_AGGRESSIVE;
				CLANG_WARN_UNREACHABLE_CODE = YES;
				CLANG_WARN__DUPLICATE_METHOD_MATCH = YES;
				COPY_PHASE_STRIP = NO;
				DEBUG_INFORMATION_FORMAT = dwarf;
				ENABLE_STRICT_OBJC_MSGSEND = YES;
				ENABLE_TESTABILITY = YES;
				GCC_C_LANGUAGE_STANDARD = gnu11;
				GCC_DYNAMIC_NO_PIC = NO;
				GCC_NO_COMMON_BLOCKS = YES;
				GCC_OPTIMIZATION_LEVEL = 0;
				GCC_PREPROCESSOR_DEFINITIONS = (
					"DEBUG=1",
					"$(inherited)",
				);
				GCC_WARN_64_TO_32_BIT_CONVERSION = YES;
				GCC_WARN_ABOUT_RETURN_TYPE = YES_ERROR;
				GCC_WARN_UNDECLARED_SELECTOR = YES;
				GCC_WARN_UNINITIALIZED_AUTOS = YES_AGGRESSIVE;
				GCC_WARN_UNUSED_FUNCTION = YES;
				GCC_WARN_UNUSED_VARIABLE = YES;
				IPHONEOS_DEPLOYMENT_TARGET = 15.0;
				MTL_ENABLE_DEBUG_INFO = INCLUDE_SOURCE;
				MTL_FAST_MATH = YES;
				ONLY_ACTIVE_ARCH = YES;
				SDKROOT = iphoneos;
				SWIFT_ACTIVE_COMPILATION_CONDITIONS = DEBUG;
				SWIFT_OPTIMIZATION_LEVEL = "-Onone";
			};
			name = Debug;
		};
		CE7463EF27CB69B2000634C8 /* Release */ = {
			isa = XCBuildConfiguration;
			buildSettings = {
				ALWAYS_SEARCH_USER_PATHS = NO;
				CLANG_ANALYZER_NONNULL = YES;
				CLANG_ANALYZER_NUMBER_OBJECT_CONVERSION = YES_AGGRESSIVE;
				CLANG_CXX_LANGUAGE_STANDARD = "gnu++17";
				CLANG_CXX_LIBRARY = "libc++";
				CLANG_ENABLE_MODULES = YES;
				CLANG_ENABLE_OBJC_ARC = YES;
				CLANG_ENABLE_OBJC_WEAK = YES;
				CLANG_WARN_BLOCK_CAPTURE_AUTORELEASING = YES;
				CLANG_WARN_BOOL_CONVERSION = YES;
				CLANG_WARN_COMMA = YES;
				CLANG_WARN_CONSTANT_CONVERSION = YES;
				CLANG_WARN_DEPRECATED_OBJC_IMPLEMENTATIONS = YES;
				CLANG_WARN_DIRECT_OBJC_ISA_USAGE = YES_ERROR;
				CLANG_WARN_DOCUMENTATION_COMMENTS = YES;
				CLANG_WARN_EMPTY_BODY = YES;
				CLANG_WARN_ENUM_CONVERSION = YES;
				CLANG_WARN_INFINITE_RECURSION = YES;
				CLANG_WARN_INT_CONVERSION = YES;
				CLANG_WARN_NON_LITERAL_NULL_CONVERSION = YES;
				CLANG_WARN_OBJC_IMPLICIT_RETAIN_SELF = YES;
				CLANG_WARN_OBJC_LITERAL_CONVERSION = YES;
				CLANG_WARN_OBJC_ROOT_CLASS = YES_ERROR;
				CLANG_WARN_QUOTED_INCLUDE_IN_FRAMEWORK_HEADER = YES;
				CLANG_WARN_RANGE_LOOP_ANALYSIS = YES;
				CLANG_WARN_STRICT_PROTOTYPES = YES;
				CLANG_WARN_SUSPICIOUS_MOVE = YES;
				CLANG_WARN_UNGUARDED_AVAILABILITY = YES_AGGRESSIVE;
				CLANG_WARN_UNREACHABLE_CODE = YES;
				CLANG_WARN__DUPLICATE_METHOD_MATCH = YES;
				COPY_PHASE_STRIP = NO;
				DEBUG_INFORMATION_FORMAT = "dwarf-with-dsym";
				ENABLE_NS_ASSERTIONS = NO;
				ENABLE_STRICT_OBJC_MSGSEND = YES;
				GCC_C_LANGUAGE_STANDARD = gnu11;
				GCC_NO_COMMON_BLOCKS = YES;
				GCC_WARN_64_TO_32_BIT_CONVERSION = YES;
				GCC_WARN_ABOUT_RETURN_TYPE = YES_ERROR;
				GCC_WARN_UNDECLARED_SELECTOR = YES;
				GCC_WARN_UNINITIALIZED_AUTOS = YES_AGGRESSIVE;
				GCC_WARN_UNUSED_FUNCTION = YES;
				GCC_WARN_UNUSED_VARIABLE = YES;
				IPHONEOS_DEPLOYMENT_TARGET = 15.0;
				MTL_ENABLE_DEBUG_INFO = NO;
				MTL_FAST_MATH = YES;
				SDKROOT = iphoneos;
				SWIFT_COMPILATION_MODE = wholemodule;
				SWIFT_OPTIMIZATION_LEVEL = "-O";
				VALIDATE_PRODUCT = YES;
			};
			name = Release;
		};
		CE7463F127CB69B2000634C8 /* Debug */ = {
			isa = XCBuildConfiguration;
			baseConfigurationReference = B77F769748863803107CFF9A /* Pods-BeatlesApp_json.debug.xcconfig */;
			buildSettings = {
				ASSETCATALOG_COMPILER_APPICON_NAME = AppIcon;
				ASSETCATALOG_COMPILER_GLOBAL_ACCENT_COLOR_NAME = AccentColor;
				CODE_SIGN_STYLE = Automatic;
				CURRENT_PROJECT_VERSION = 1;
				GENERATE_INFOPLIST_FILE = YES;
				INFOPLIST_FILE = BeatlesApp_json/Info.plist;
				INFOPLIST_KEY_UIApplicationSupportsIndirectInputEvents = YES;
				INFOPLIST_KEY_UILaunchStoryboardName = LaunchScreen;
				INFOPLIST_KEY_UIMainStoryboardFile = Main;
				INFOPLIST_KEY_UISupportedInterfaceOrientations_iPad = "UIInterfaceOrientationPortrait UIInterfaceOrientationPortraitUpsideDown UIInterfaceOrientationLandscapeLeft UIInterfaceOrientationLandscapeRight";
				INFOPLIST_KEY_UISupportedInterfaceOrientations_iPhone = "UIInterfaceOrientationPortrait UIInterfaceOrientationLandscapeLeft UIInterfaceOrientationLandscapeRight";
				LD_RUNPATH_SEARCH_PATHS = (
					"$(inherited)",
					"@executable_path/Frameworks",
				);
				MARKETING_VERSION = 1.0;
				PRODUCT_BUNDLE_IDENTIFIER = "AlexeyBychinin.BeatlesApp-json";
				PRODUCT_NAME = "$(TARGET_NAME)";
				SWIFT_EMIT_LOC_STRINGS = YES;
				SWIFT_VERSION = 5.0;
				TARGETED_DEVICE_FAMILY = "1,2";
			};
			name = Debug;
		};
		CE7463F227CB69B2000634C8 /* Release */ = {
			isa = XCBuildConfiguration;
			baseConfigurationReference = 4DB891F1E35F8F56A0165C86 /* Pods-BeatlesApp_json.release.xcconfig */;
			buildSettings = {
				ASSETCATALOG_COMPILER_APPICON_NAME = AppIcon;
				ASSETCATALOG_COMPILER_GLOBAL_ACCENT_COLOR_NAME = AccentColor;
				CODE_SIGN_STYLE = Automatic;
				CURRENT_PROJECT_VERSION = 1;
				GENERATE_INFOPLIST_FILE = YES;
				INFOPLIST_FILE = BeatlesApp_json/Info.plist;
				INFOPLIST_KEY_UIApplicationSupportsIndirectInputEvents = YES;
				INFOPLIST_KEY_UILaunchStoryboardName = LaunchScreen;
				INFOPLIST_KEY_UIMainStoryboardFile = Main;
				INFOPLIST_KEY_UISupportedInterfaceOrientations_iPad = "UIInterfaceOrientationPortrait UIInterfaceOrientationPortraitUpsideDown UIInterfaceOrientationLandscapeLeft UIInterfaceOrientationLandscapeRight";
				INFOPLIST_KEY_UISupportedInterfaceOrientations_iPhone = "UIInterfaceOrientationPortrait UIInterfaceOrientationLandscapeLeft UIInterfaceOrientationLandscapeRight";
				LD_RUNPATH_SEARCH_PATHS = (
					"$(inherited)",
					"@executable_path/Frameworks",
				);
				MARKETING_VERSION = 1.0;
				PRODUCT_BUNDLE_IDENTIFIER = "AlexeyBychinin.BeatlesApp-json";
				PRODUCT_NAME = "$(TARGET_NAME)";
				SWIFT_EMIT_LOC_STRINGS = YES;
				SWIFT_VERSION = 5.0;
				TARGETED_DEVICE_FAMILY = "1,2";
			};
			name = Release;
		};
/* End XCBuildConfiguration section */

/* Begin XCConfigurationList section */
		CE7463D727CB69AE000634C8 /* Build configuration list for PBXProject "BeatlesApp_json" */ = {
			isa = XCConfigurationList;
			buildConfigurations = (
				CE7463EE27CB69B2000634C8 /* Debug */,
				CE7463EF27CB69B2000634C8 /* Release */,
			);
			defaultConfigurationIsVisible = 0;
			defaultConfigurationName = Release;
		};
		CE7463F027CB69B2000634C8 /* Build configuration list for PBXNativeTarget "BeatlesApp_json" */ = {
			isa = XCConfigurationList;
			buildConfigurations = (
				CE7463F127CB69B2000634C8 /* Debug */,
				CE7463F227CB69B2000634C8 /* Release */,
			);
			defaultConfigurationIsVisible = 0;
			defaultConfigurationName = Release;
		};
/* End XCConfigurationList section */
	};
	rootObject = CE7463D427CB69AE000634C8 /* Project object */;
}
